
Microsoft Visual Studio Solution File, Format Version 12.00
# Visual Studio Version 17
VisualStudioVersion = 17.11.35327.3
MinimumVisualStudioVersion = 10.0.40219.1
Project("{FAE04EC0-301F-11D3-BF4B-00C04F79EFBC}") = "Chambered.Api", "Chambered.Api\Chambered.Api.csproj", "{C980A249-17D3-6D8C-1BBB-51238C34BCA8}"
	ProjectSection(ProjectDependencies) = postProject
		{A80F33DB-0745-4AED-96C4-DDC1BA05E922} = {A80F33DB-0745-4AED-96C4-DDC1BA05E922}
	EndProjectSection
EndProject
Project("{FAE04EC0-301F-11D3-BF4B-00C04F79EFBC}") = "Chambered.Data", "Chambered.Data\Chambered.Data.csproj", "{6BAEBB82-BEA4-94BD-6B48-1EA4464F5539}"
EndProject
Project("{FAE04EC0-301F-11D3-BF4B-00C04F79EFBC}") = "Chambered.Core", "Chambered.Core\Chambered.Core.csproj", "{C8D5EB13-2F31-4060-9D25-0B2BCB41896F}"
	ProjectSection(ProjectDependencies) = postProject
		{6BAEBB82-BEA4-94BD-6B48-1EA4464F5539} = {6BAEBB82-BEA4-94BD-6B48-1EA4464F5539}
	EndProjectSection
EndProject
Project("{FAE04EC0-301F-11D3-BF4B-00C04F79EFBC}") = "Chambered.Infrastructure", "Chambered.Infrastructure\Chambered.Infrastructure.csproj", "{A80F33DB-0745-4AED-96C4-DDC1BA05E922}"
EndProject
Global
	GlobalSection(SolutionConfigurationPlatforms) = preSolution
		Debug|Any CPU = Debug|Any CPU
		Release|Any CPU = Release|Any CPU
	EndGlobalSection
	GlobalSection(ProjectConfigurationPlatforms) = postSolution
		{C980A249-17D3-6D8C-1BBB-51238C34BCA8}.Debug|Any CPU.ActiveCfg = Debug|Any CPU
		{C980A249-17D3-6D8C-1BBB-51238C34BCA8}.Debug|Any CPU.Build.0 = Debug|Any CPU
		{C980A249-17D3-6D8C-1BBB-51238C34BCA8}.Release|Any CPU.ActiveCfg = Release|Any CPU
		{C980A249-17D3-6D8C-1BBB-51238C34BCA8}.Release|Any CPU.Build.0 = Release|Any CPU
		{6BAEBB82-BEA4-94BD-6B48-1EA4464F5539}.Debug|Any CPU.ActiveCfg = Debug|Any CPU
		{6BAEBB82-BEA4-94BD-6B48-1EA4464F5539}.Debug|Any CPU.Build.0 = Debug|Any CPU
		{6BAEBB82-BEA4-94BD-6B48-1EA4464F5539}.Release|Any CPU.ActiveCfg = Release|Any CPU
		{6BAEBB82-BEA4-94BD-6B48-1EA4464F5539}.Release|Any CPU.Build.0 = Release|Any CPU
		{C8D5EB13-2F31-4060-9D25-0B2BCB41896F}.Debug|Any CPU.ActiveCfg = Debug|Any CPU
		{C8D5EB13-2F31-4060-9D25-0B2BCB41896F}.Debug|Any CPU.Build.0 = Debug|Any CPU
		{C8D5EB13-2F31-4060-9D25-0B2BCB41896F}.Release|Any CPU.ActiveCfg = Release|Any CPU
		{C8D5EB13-2F31-4060-9D25-0B2BCB41896F}.Release|Any CPU.Build.0 = Release|Any CPU
		{A80F33DB-0745-4AED-96C4-DDC1BA05E922}.Debug|Any CPU.ActiveCfg = Debug|Any CPU
		{A80F33DB-0745-4AED-96C4-DDC1BA05E922}.Debug|Any CPU.Build.0 = Debug|Any CPU
		{A80F33DB-0745-4AED-96C4-DDC1BA05E922}.Release|Any CPU.ActiveCfg = Release|Any CPU
		{A80F33DB-0745-4AED-96C4-DDC1BA05E922}.Release|Any CPU.Build.0 = Release|Any CPU
	EndGlobalSection
	GlobalSection(SolutionProperties) = preSolution
		HideSolutionNode = FALSE
	EndGlobalSection
	GlobalSection(ExtensibilityGlobals) = postSolution
		SolutionGuid = {8BDD68E8-D024-426B-AA5C-90FBDB6536DB}
	EndGlobalSection
EndGlobal
